<?xml version="1.0" encoding="UTF-8"?>
<Scheme
   LastUpgradeVersion = "1620"
   version = "1.7">
   <BuildAction
      parallelizeBuildables = "YES"
      buildImplicitDependencies = "YES"
      buildArchitectures = "Automatic">
      <BuildActionEntries>
         <BuildActionEntry
            buildForTesting = "YES"
            buildForRunning = "YES"
            buildForProfiling = "YES"
            buildForArchiving = "YES"
            buildForAnalyzing = "YES">
            <BuildableReference
               BuildableIdentifier = "primary"
               BlueprintIdentifier = "915945992C28372D003D2AC0"
               BuildableName = "ambilighthue.app"
               BlueprintName = "ambilighthue"
               ReferencedContainer = "container:ambilighthue.xcodeproj">
            </BuildableReference>
         </BuildActionEntry>
      </BuildActionEntries>
   </BuildAction>
   <TestAction
      buildConfiguration = "Debug"
      selectedDebuggerIdentifier = "Xcode.DebuggerFoundation.Debugger.LLDB"
      selectedLauncherIdentifier = "Xcode.DebuggerFoundation.Launcher.LLDB"
      shouldUseLaunchSchemeArgsEnv = "YES">
      <TestPlans>
         <TestPlanReference
            reference = "container:../ambilighthue.xctestplan">
         </TestPlanReference>
         <TestPlanReference
            reference = "container:ambilighthuetests.xctestplan"
            default = "YES">
         </TestPlanReference>
      </TestPlans>
      <Testables>
         <TestableReference
            skipped = "NO"
            parallelizable = "YES">
            <BuildableReference
               BuildableIdentifier = "primary"
               BlueprintIdentifier = "915945A92C28372E003D2AC0"
               BuildableName = "ambilighthueTests.xctest"
               BlueprintName = "ambilighthueTests"
               ReferencedContainer = "container:ambilighthue.xcodeproj">
            </BuildableReference>
         </TestableReference>
         <TestableReference
            skipped = "NO"
            parallelizable = "YES">
            <BuildableReference
               BuildableIdentifier = "primary"
               BlueprintIdentifier = "915945B32C28372E003D2AC0"
               BuildableName = "ambilighthueUITests.xctest"
               BlueprintName = "ambilighthueUITests"
               ReferencedContainer = "container:ambilighthue.xcodeproj">
            </BuildableReference>
         </TestableReference>
         <TestableReference
            skipped = "NO">
            <BuildableReference
               BuildableIdentifier = "primary"
               BlueprintIdentifier = "915945A92C28372E003D2AC0"
               BuildableName = "ambilighthueTests.xctest"
               BlueprintName = "ambilighthueTests"
               ReferencedContainer = "container:ambilighthue.xcodeproj">
            </BuildableReference>
            <SelectedTests>
               <Test
                  Identifier = "AmbilightHueControlViewTests/test_off_button_has_image_if_ambilighttv_is_disabled()">
               </Test>
               <Test
                  Identifier = "AmbilightHueControlViewTests/test_off_button_tap_disables_ambilight()">
               </Test>
               <Test
                  Identifier = "AmbilightHueControlViewTests/test_on_button_has_image_if_ambilighttv_is_enabled()">
               </Test>
               <Test
                  Identifier = "AmbilightHueControlViewTests/test_on_button_tap_enables_ambilight()">
               </Test>
               <Test
                  Identifier = "AmbilightHueControlViewTests/test_stack_has_angulargradient_background_if_ambilighttv_is_enabled()">
               </Test>
               <Test
                  Identifier = "AmbilightHueControlViewTests/test_stack_has_no_angulargradient_background_if_ambilighttv_is_disabled()">
               </Test>
               <Test
                  Identifier = "AmbilightHueControlViewTests/test_view_updates_state_on_init()">
               </Test>
            </SelectedTests>
         </TestableReference>
         <TestableReference
            skipped = "NO">
            <BuildableReference
               BuildableIdentifier = "primary"
               BlueprintIdentifier = "915945A92C28372E003D2AC0"
               BuildableName = "ambilighthueTests.xctest"
               BlueprintName = "ambilighthueTests"
               ReferencedContainer = "container:ambilighthue.xcodeproj">
            </BuildableReference>
            <SelectedTests>
               <Test
                  Identifier = "AmbilightTvTests/test_post_power_off_to_tvendpoint_when_mode_set_to_disabled()">
               </Test>
               <Test
                  Identifier = "AmbilightTvTests/test_post_power_on_to_tvendpoint_when_mode_set_to_enabled()">
               </Test>
               <Test
                  Identifier = "AmbilightTvTests/test_update_state_to_enabled_when_power_on_is_returned_by_tvendpoint()">
               </Test>
            </SelectedTests>
         </TestableReference>
      </Testables>
   </TestAction>
   <LaunchAction
      buildConfiguration = "Debug"
      selectedDebuggerIdentifier = "Xcode.DebuggerFoundation.Debugger.LLDB"
      selectedLauncherIdentifier = "Xcode.DebuggerFoundation.Launcher.LLDB"
      launchStyle = "0"
      useCustomWorkingDirectory = "NO"
      ignoresPersistentStateOnLaunch = "NO"
      debugDocumentVersioning = "YES"
      debugServiceExtension = "internal"
      allowLocationSimulation = "YES">
      <BuildableProductRunnable
         runnableDebuggingMode = "0">
         <BuildableReference
            BuildableIdentifier = "primary"
            BlueprintIdentifier = "915945992C28372D003D2AC0"
            BuildableName = "ambilighthue.app"
            BlueprintName = "ambilighthue"
            ReferencedContainer = "container:ambilighthue.xcodeproj">
         </BuildableReference>
      </BuildableProductRunnable>
   </LaunchAction>
   <ProfileAction
      buildConfiguration = "Release"
      shouldUseLaunchSchemeArgsEnv = "YES"
      savedToolIdentifier = ""
      useCustomWorkingDirectory = "NO"
      debugDocumentVersioning = "YES">
      <BuildableProductRunnable
         runnableDebuggingMode = "0">
         <BuildableReference
            BuildableIdentifier = "primary"
            BlueprintIdentifier = "915945992C28372D003D2AC0"
            BuildableName = "ambilighthue.app"
            BlueprintName = "ambilighthue"
            ReferencedContainer = "container:ambilighthue.xcodeproj">
         </BuildableReference>
      </BuildableProductRunnable>
   </ProfileAction>
   <AnalyzeAction
      buildConfiguration = "Debug">
   </AnalyzeAction>
   <ArchiveAction
      buildConfiguration = "Release"
      revealArchiveInOrganizer = "YES">
   </ArchiveAction>
</Scheme>
