// !$*UTF8*$!
{
	archiveVersion = 1;
	classes = {
	};
	objectVersion = 56;
	objects = {

/* Begin PBXBuildFile section */
		16FE34CDAC7625CAC48327D3 /* Pods_helloworldTests.framework in Frameworks */ = {isa = PBXBuildFile; fileRef = F75BF1258E5ECAA290CEB05A /* Pods_helloworldTests.framework */; };
		20A09B55D8D40A523FB14B7B /* Pods_helloworld_helloworldUITests.framework in Frameworks */ = {isa = PBXBuildFile; fileRef = FE5780C1CB95AF8B07001B98 /* Pods_helloworld_helloworldUITests.framework */; };
		9159459E2C28372D003D2AC0 /* helloworldApp.swift in Sources */ = {isa = PBXBuildFile; fileRef = 9159459D2C28372D003D2AC0 /* helloworldApp.swift */; };
		915945A02C28372D003D2AC0 /* ContentView.swift in Sources */ = {isa = PBXBuildFile; fileRef = 9159459F2C28372D003D2AC0 /* ContentView.swift */; };
		915945A22C28372E003D2AC0 /* Assets.xcassets in Resources */ = {isa = PBXBuildFile; fileRef = 915945A12C28372E003D2AC0 /* Assets.xcassets */; };
		915945A52C28372E003D2AC0 /* Preview Assets.xcassets in Resources */ = {isa = PBXBuildFile; fileRef = 915945A42C28372E003D2AC0 /* Preview Assets.xcassets */; };
		915945AF2C28372E003D2AC0 /* helloworldTests.swift in Sources */ = {isa = PBXBuildFile; fileRef = 915945AE2C28372E003D2AC0 /* helloworldTests.swift */; };
		915945B92C28372E003D2AC0 /* helloworldUITests.swift in Sources */ = {isa = PBXBuildFile; fileRef = 915945B82C28372E003D2AC0 /* helloworldUITests.swift */; };
		915945BB2C28372E003D2AC0 /* helloworldUITestsLaunchTests.swift in Sources */ = {isa = PBXBuildFile; fileRef = 915945BA2C28372E003D2AC0 /* helloworldUITestsLaunchTests.swift */; };
		915945C82C28551E003D2AC0 /* NetworkCall.swift in Sources */ = {isa = PBXBuildFile; fileRef = 915945C72C28551E003D2AC0 /* NetworkCall.swift */; };
		92C7A6A960A0D7D461260B34 /* Pods_helloworld.framework in Frameworks */ = {isa = PBXBuildFile; fileRef = 123C86C0E39AE89F7584DCDB /* Pods_helloworld.framework */; };
/* End PBXBuildFile section */

/* Begin PBXContainerItemProxy section */
		915945AB2C28372E003D2AC0 /* PBXContainerItemProxy */ = {
			isa = PBXContainerItemProxy;
			containerPortal = 915945922C28372D003D2AC0 /* Project object */;
			proxyType = 1;
			remoteGlobalIDString = 915945992C28372D003D2AC0;
			remoteInfo = helloworld;
		};
		915945B52C28372E003D2AC0 /* PBXContainerItemProxy */ = {
			isa = PBXContainerItemProxy;
			containerPortal = 915945922C28372D003D2AC0 /* Project object */;
			proxyType = 1;
			remoteGlobalIDString = 915945992C28372D003D2AC0;
			remoteInfo = helloworld;
		};
/* End PBXContainerItemProxy section */

/* Begin PBXFileReference section */
		097204708A8DEFE2E936FAF1 /* Pods-helloworld.debug.xcconfig */ = {isa = PBXFileReference; includeInIndex = 1; lastKnownFileType = text.xcconfig; name = "Pods-helloworld.debug.xcconfig"; path = "Target Support Files/Pods-helloworld/Pods-helloworld.debug.xcconfig"; sourceTree = "<group>"; };
		123C86C0E39AE89F7584DCDB /* Pods_helloworld.framework */ = {isa = PBXFileReference; explicitFileType = wrapper.framework; includeInIndex = 0; path = Pods_helloworld.framework; sourceTree = BUILT_PRODUCTS_DIR; };
		809A0A0AFE16B6F41C7F4C7A /* Pods-helloworldTests.release.xcconfig */ = {isa = PBXFileReference; includeInIndex = 1; lastKnownFileType = text.xcconfig; name = "Pods-helloworldTests.release.xcconfig"; path = "Target Support Files/Pods-helloworldTests/Pods-helloworldTests.release.xcconfig"; sourceTree = "<group>"; };
		8950B71FBD26E8650C5FE7F8 /* Pods-helloworldTests.debug.xcconfig */ = {isa = PBXFileReference; includeInIndex = 1; lastKnownFileType = text.xcconfig; name = "Pods-helloworldTests.debug.xcconfig"; path = "Target Support Files/Pods-helloworldTests/Pods-helloworldTests.debug.xcconfig"; sourceTree = "<group>"; };
		9159459A2C28372D003D2AC0 /* helloworld.app */ = {isa = PBXFileReference; explicitFileType = wrapper.application; includeInIndex = 0; path = helloworld.app; sourceTree = BUILT_PRODUCTS_DIR; };
		9159459D2C28372D003D2AC0 /* helloworldApp.swift */ = {isa = PBXFileReference; lastKnownFileType = sourcecode.swift; path = helloworldApp.swift; sourceTree = "<group>"; };
		9159459F2C28372D003D2AC0 /* ContentView.swift */ = {isa = PBXFileReference; lastKnownFileType = sourcecode.swift; path = ContentView.swift; sourceTree = "<group>"; };
		915945A12C28372E003D2AC0 /* Assets.xcassets */ = {isa = PBXFileReference; lastKnownFileType = folder.assetcatalog; path = Assets.xcassets; sourceTree = "<group>"; };
		915945A42C28372E003D2AC0 /* Preview Assets.xcassets */ = {isa = PBXFileReference; lastKnownFileType = folder.assetcatalog; path = "Preview Assets.xcassets"; sourceTree = "<group>"; };
		915945AA2C28372E003D2AC0 /* helloworldTests.xctest */ = {isa = PBXFileReference; explicitFileType = wrapper.cfbundle; includeInIndex = 0; path = helloworldTests.xctest; sourceTree = BUILT_PRODUCTS_DIR; };
		915945AE2C28372E003D2AC0 /* helloworldTests.swift */ = {isa = PBXFileReference; lastKnownFileType = sourcecode.swift; path = helloworldTests.swift; sourceTree = "<group>"; };
		915945B42C28372E003D2AC0 /* helloworldUITests.xctest */ = {isa = PBXFileReference; explicitFileType = wrapper.cfbundle; includeInIndex = 0; path = helloworldUITests.xctest; sourceTree = BUILT_PRODUCTS_DIR; };
		915945B82C28372E003D2AC0 /* helloworldUITests.swift */ = {isa = PBXFileReference; lastKnownFileType = sourcecode.swift; path = helloworldUITests.swift; sourceTree = "<group>"; };
		915945BA2C28372E003D2AC0 /* helloworldUITestsLaunchTests.swift */ = {isa = PBXFileReference; lastKnownFileType = sourcecode.swift; path = helloworldUITestsLaunchTests.swift; sourceTree = "<group>"; };
		915945C72C28551E003D2AC0 /* NetworkCall.swift */ = {isa = PBXFileReference; lastKnownFileType = sourcecode.swift; path = NetworkCall.swift; sourceTree = "<group>"; };
		91F63C382C2EE2EF009BBBE3 /* todo.md */ = {isa = PBXFileReference; lastKnownFileType = net.daringfireball.markdown; path = todo.md; sourceTree = "<group>"; };
		B690851163CFF54FA2024FDB /* Pods-helloworld.release.xcconfig */ = {isa = PBXFileReference; includeInIndex = 1; lastKnownFileType = text.xcconfig; name = "Pods-helloworld.release.xcconfig"; path = "Target Support Files/Pods-helloworld/Pods-helloworld.release.xcconfig"; sourceTree = "<group>"; };
		DD6AF5FFA470ADD1415E0D28 /* Pods-helloworld-helloworldUITests.debug.xcconfig */ = {isa = PBXFileReference; includeInIndex = 1; lastKnownFileType = text.xcconfig; name = "Pods-helloworld-helloworldUITests.debug.xcconfig"; path = "Target Support Files/Pods-helloworld-helloworldUITests/Pods-helloworld-helloworldUITests.debug.xcconfig"; sourceTree = "<group>"; };
		DFB3178D8762D45F8832086E /* Pods-helloworld-helloworldUITests.release.xcconfig */ = {isa = PBXFileReference; includeInIndex = 1; lastKnownFileType = text.xcconfig; name = "Pods-helloworld-helloworldUITests.release.xcconfig"; path = "Target Support Files/Pods-helloworld-helloworldUITests/Pods-helloworld-helloworldUITests.release.xcconfig"; sourceTree = "<group>"; };
		F75BF1258E5ECAA290CEB05A /* Pods_helloworldTests.framework */ = {isa = PBXFileReference; explicitFileType = wrapper.framework; includeInIndex = 0; path = Pods_helloworldTests.framework; sourceTree = BUILT_PRODUCTS_DIR; };
		FE5780C1CB95AF8B07001B98 /* Pods_helloworld_helloworldUITests.framework */ = {isa = PBXFileReference; explicitFileType = wrapper.framework; includeInIndex = 0; path = Pods_helloworld_helloworldUITests.framework; sourceTree = BUILT_PRODUCTS_DIR; };
/* End PBXFileReference section */

/* Begin PBXFrameworksBuildPhase section */
		915945972C28372D003D2AC0 /* Frameworks */ = {
			isa = PBXFrameworksBuildPhase;
			buildActionMask = 2147483647;
			files = (
				92C7A6A960A0D7D461260B34 /* Pods_helloworld.framework in Frameworks */,
			);
			runOnlyForDeploymentPostprocessing = 0;
		};
		915945A72C28372E003D2AC0 /* Frameworks */ = {
			isa = PBXFrameworksBuildPhase;
			buildActionMask = 2147483647;
			files = (
				16FE34CDAC7625CAC48327D3 /* Pods_helloworldTests.framework in Frameworks */,
			);
			runOnlyForDeploymentPostprocessing = 0;
		};
		915945B12C28372E003D2AC0 /* Frameworks */ = {
			isa = PBXFrameworksBuildPhase;
			buildActionMask = 2147483647;
			files = (
				20A09B55D8D40A523FB14B7B /* Pods_helloworld_helloworldUITests.framework in Frameworks */,
			);
			runOnlyForDeploymentPostprocessing = 0;
		};
/* End PBXFrameworksBuildPhase section */

/* Begin PBXGroup section */
		604BB8C5D8A368D36F333728 /* Frameworks */ = {
			isa = PBXGroup;
			children = (
				123C86C0E39AE89F7584DCDB /* Pods_helloworld.framework */,
				FE5780C1CB95AF8B07001B98 /* Pods_helloworld_helloworldUITests.framework */,
				F75BF1258E5ECAA290CEB05A /* Pods_helloworldTests.framework */,
			);
			name = Frameworks;
			sourceTree = "<group>";
		};
		915945912C28372D003D2AC0 = {
			isa = PBXGroup;
			children = (
				91F63C382C2EE2EF009BBBE3 /* todo.md */,
				9159459C2C28372D003D2AC0 /* helloworld */,
				915945AD2C28372E003D2AC0 /* helloworldTests */,
				915945B72C28372E003D2AC0 /* helloworldUITests */,
				9159459B2C28372D003D2AC0 /* Products */,
				9F61BEB0E91494741FB46E6C /* Pods */,
				604BB8C5D8A368D36F333728 /* Frameworks */,
			);
			sourceTree = "<group>";
		};
		9159459B2C28372D003D2AC0 /* Products */ = {
			isa = PBXGroup;
			children = (
				9159459A2C28372D003D2AC0 /* helloworld.app */,
				915945AA2C28372E003D2AC0 /* helloworldTests.xctest */,
				915945B42C28372E003D2AC0 /* helloworldUITests.xctest */,
			);
			name = Products;
			sourceTree = "<group>";
		};
		9159459C2C28372D003D2AC0 /* helloworld */ = {
			isa = PBXGroup;
			children = (
				9159459D2C28372D003D2AC0 /* helloworldApp.swift */,
				9159459F2C28372D003D2AC0 /* ContentView.swift */,
				915945C72C28551E003D2AC0 /* NetworkCall.swift */,
				915945A12C28372E003D2AC0 /* Assets.xcassets */,
				915945A32C28372E003D2AC0 /* Preview Content */,
			);
			path = helloworld;
			sourceTree = "<group>";
		};
		915945A32C28372E003D2AC0 /* Preview Content */ = {
			isa = PBXGroup;
			children = (
				915945A42C28372E003D2AC0 /* Preview Assets.xcassets */,
			);
			path = "Preview Content";
			sourceTree = "<group>";
		};
		915945AD2C28372E003D2AC0 /* helloworldTests */ = {
			isa = PBXGroup;
			children = (
				915945AE2C28372E003D2AC0 /* helloworldTests.swift */,
			);
			path = helloworldTests;
			sourceTree = "<group>";
		};
		915945B72C28372E003D2AC0 /* helloworldUITests */ = {
			isa = PBXGroup;
			children = (
				915945B82C28372E003D2AC0 /* helloworldUITests.swift */,
				915945BA2C28372E003D2AC0 /* helloworldUITestsLaunchTests.swift */,
			);
			path = helloworldUITests;
			sourceTree = "<group>";
		};
		9F61BEB0E91494741FB46E6C /* Pods */ = {
			isa = PBXGroup;
			children = (
				097204708A8DEFE2E936FAF1 /* Pods-helloworld.debug.xcconfig */,
				B690851163CFF54FA2024FDB /* Pods-helloworld.release.xcconfig */,
				DD6AF5FFA470ADD1415E0D28 /* Pods-helloworld-helloworldUITests.debug.xcconfig */,
				DFB3178D8762D45F8832086E /* Pods-helloworld-helloworldUITests.release.xcconfig */,
				8950B71FBD26E8650C5FE7F8 /* Pods-helloworldTests.debug.xcconfig */,
				809A0A0AFE16B6F41C7F4C7A /* Pods-helloworldTests.release.xcconfig */,
			);
			path = Pods;
			sourceTree = "<group>";
		};
/* End PBXGroup section */

/* Begin PBXNativeTarget section */
		915945992C28372D003D2AC0 /* helloworld */ = {
			isa = PBXNativeTarget;
			buildConfigurationList = 915945BE2C28372E003D2AC0 /* Build configuration list for PBXNativeTarget "helloworld" */;
			buildPhases = (
				95465B5D8F7208B1C0ACAD84 /* [CP] Check Pods Manifest.lock */,
				915945962C28372D003D2AC0 /* Sources */,
				915945972C28372D003D2AC0 /* Frameworks */,
				915945982C28372D003D2AC0 /* Resources */,
				1B6B2C4954305DE8BC715604 /* [CP] Embed Pods Frameworks */,
			);
			buildRules = (
			);
			dependencies = (
			);
			name = helloworld;
			productName = helloworld;
			productReference = 9159459A2C28372D003D2AC0 /* helloworld.app */;
			productType = "com.apple.product-type.application";
		};
		915945A92C28372E003D2AC0 /* helloworldTests */ = {
			isa = PBXNativeTarget;
			buildConfigurationList = 915945C12C28372E003D2AC0 /* Build configuration list for PBXNativeTarget "helloworldTests" */;
			buildPhases = (
				02AA4B69333CBD6D84199DED /* [CP] Check Pods Manifest.lock */,
				915945A62C28372E003D2AC0 /* Sources */,
				915945A72C28372E003D2AC0 /* Frameworks */,
				915945A82C28372E003D2AC0 /* Resources */,
			);
			buildRules = (
			);
			dependencies = (
				915945AC2C28372E003D2AC0 /* PBXTargetDependency */,
			);
			name = helloworldTests;
			productName = helloworldTests;
			productReference = 915945AA2C28372E003D2AC0 /* helloworldTests.xctest */;
			productType = "com.apple.product-type.bundle.unit-test";
		};
		915945B32C28372E003D2AC0 /* helloworldUITests */ = {
			isa = PBXNativeTarget;
			buildConfigurationList = 915945C42C28372E003D2AC0 /* Build configuration list for PBXNativeTarget "helloworldUITests" */;
			buildPhases = (
				9499D59A9274F58E0C8675F7 /* [CP] Check Pods Manifest.lock */,
				915945B02C28372E003D2AC0 /* Sources */,
				915945B12C28372E003D2AC0 /* Frameworks */,
				915945B22C28372E003D2AC0 /* Resources */,
				B11F299C12402F3972AF08D9 /* [CP] Embed Pods Frameworks */,
			);
			buildRules = (
			);
			dependencies = (
				915945B62C28372E003D2AC0 /* PBXTargetDependency */,
			);
			name = helloworldUITests;
			productName = helloworldUITests;
			productReference = 915945B42C28372E003D2AC0 /* helloworldUITests.xctest */;
			productType = "com.apple.product-type.bundle.ui-testing";
		};
/* End PBXNativeTarget section */

/* Begin PBXProject section */
		915945922C28372D003D2AC0 /* Project object */ = {
			isa = PBXProject;
			attributes = {
				BuildIndependentTargetsInParallel = 1;
				LastSwiftUpdateCheck = 1540;
				LastUpgradeCheck = 1540;
				TargetAttributes = {
					915945992C28372D003D2AC0 = {
						CreatedOnToolsVersion = 15.4;
					};
					915945A92C28372E003D2AC0 = {
						CreatedOnToolsVersion = 15.4;
						TestTargetID = 915945992C28372D003D2AC0;
					};
					915945B32C28372E003D2AC0 = {
						CreatedOnToolsVersion = 15.4;
						TestTargetID = 915945992C28372D003D2AC0;
					};
				};
			};
			buildConfigurationList = 915945952C28372D003D2AC0 /* Build configuration list for PBXProject "helloworld" */;
			compatibilityVersion = "Xcode 14.0";
			developmentRegion = en;
			hasScannedForEncodings = 0;
			knownRegions = (
				en,
				Base,
			);
			mainGroup = 915945912C28372D003D2AC0;
			productRefGroup = 9159459B2C28372D003D2AC0 /* Products */;
			projectDirPath = "";
			projectRoot = "";
			targets = (
				915945992C28372D003D2AC0 /* helloworld */,
				915945A92C28372E003D2AC0 /* helloworldTests */,
				915945B32C28372E003D2AC0 /* helloworldUITests */,
			);
		};
/* End PBXProject section */

/* Begin PBXResourcesBuildPhase section */
		915945982C28372D003D2AC0 /* Resources */ = {
			isa = PBXResourcesBuildPhase;
			buildActionMask = 2147483647;
			files = (
				915945A52C28372E003D2AC0 /* Preview Assets.xcassets in Resources */,
				915945A22C28372E003D2AC0 /* Assets.xcassets in Resources */,
			);
			runOnlyForDeploymentPostprocessing = 0;
		};
		915945A82C28372E003D2AC0 /* Resources */ = {
			isa = PBXResourcesBuildPhase;
			buildActionMask = 2147483647;
			files = (
			);
			runOnlyForDeploymentPostprocessing = 0;
		};
		915945B22C28372E003D2AC0 /* Resources */ = {
			isa = PBXResourcesBuildPhase;
			buildActionMask = 2147483647;
			files = (
			);
			runOnlyForDeploymentPostprocessing = 0;
		};
/* End PBXResourcesBuildPhase section */

/* Begin PBXShellScriptBuildPhase section */
		02AA4B69333CBD6D84199DED /* [CP] Check Pods Manifest.lock */ = {
			isa = PBXShellScriptBuildPhase;
			buildActionMask = 2147483647;
			files = (
			);
			inputFileListPaths = (
			);
			inputPaths = (
				"${PODS_PODFILE_DIR_PATH}/Podfile.lock",
				"${PODS_ROOT}/Manifest.lock",
			);
			name = "[CP] Check Pods Manifest.lock";
			outputFileListPaths = (
			);
			outputPaths = (
				"$(DERIVED_FILE_DIR)/Pods-helloworldTests-checkManifestLockResult.txt",
			);
			runOnlyForDeploymentPostprocessing = 0;
			shellPath = /bin/sh;
			shellScript = "diff \"${PODS_PODFILE_DIR_PATH}/Podfile.lock\" \"${PODS_ROOT}/Manifest.lock\" > /dev/null\nif [ $? != 0 ] ; then\n    # print error to STDERR\n    echo \"error: The sandbox is not in sync with the Podfile.lock. Run 'pod install' or update your CocoaPods installation.\" >&2\n    exit 1\nfi\n# This output is used by Xcode 'outputs' to avoid re-running this script phase.\necho \"SUCCESS\" > \"${SCRIPT_OUTPUT_FILE_0}\"\n";
			showEnvVarsInLog = 0;
		};
		1B6B2C4954305DE8BC715604 /* [CP] Embed Pods Frameworks */ = {
			isa = PBXShellScriptBuildPhase;
			buildActionMask = 2147483647;
			files = (
			);
			inputFileListPaths = (
				"${PODS_ROOT}/Target Support Files/Pods-helloworld/Pods-helloworld-frameworks-${CONFIGURATION}-input-files.xcfilelist",
			);
			name = "[CP] Embed Pods Frameworks";
			outputFileListPaths = (
				"${PODS_ROOT}/Target Support Files/Pods-helloworld/Pods-helloworld-frameworks-${CONFIGURATION}-output-files.xcfilelist",
			);
			runOnlyForDeploymentPostprocessing = 0;
			shellPath = /bin/sh;
			shellScript = "\"${PODS_ROOT}/Target Support Files/Pods-helloworld/Pods-helloworld-frameworks.sh\"\n";
			showEnvVarsInLog = 0;
		};
		9499D59A9274F58E0C8675F7 /* [CP] Check Pods Manifest.lock */ = {
			isa = PBXShellScriptBuildPhase;
			buildActionMask = 2147483647;
			files = (
			);
			inputFileListPaths = (
			);
			inputPaths = (
				"${PODS_PODFILE_DIR_PATH}/Podfile.lock",
				"${PODS_ROOT}/Manifest.lock",
			);
			name = "[CP] Check Pods Manifest.lock";
			outputFileListPaths = (
			);
			outputPaths = (
				"$(DERIVED_FILE_DIR)/Pods-helloworld-helloworldUITests-checkManifestLockResult.txt",
			);
			runOnlyForDeploymentPostprocessing = 0;
			shellPath = /bin/sh;
			shellScript = "diff \"${PODS_PODFILE_DIR_PATH}/Podfile.lock\" \"${PODS_ROOT}/Manifest.lock\" > /dev/null\nif [ $? != 0 ] ; then\n    # print error to STDERR\n    echo \"error: The sandbox is not in sync with the Podfile.lock. Run 'pod install' or update your CocoaPods installation.\" >&2\n    exit 1\nfi\n# This output is used by Xcode 'outputs' to avoid re-running this script phase.\necho \"SUCCESS\" > \"${SCRIPT_OUTPUT_FILE_0}\"\n";
			showEnvVarsInLog = 0;
		};
		95465B5D8F7208B1C0ACAD84 /* [CP] Check Pods Manifest.lock */ = {
			isa = PBXShellScriptBuildPhase;
			buildActionMask = 2147483647;
			files = (
			);
			inputFileListPaths = (
			);
			inputPaths = (
				"${PODS_PODFILE_DIR_PATH}/Podfile.lock",
				"${PODS_ROOT}/Manifest.lock",
			);
			name = "[CP] Check Pods Manifest.lock";
			outputFileListPaths = (
			);
			outputPaths = (
				"$(DERIVED_FILE_DIR)/Pods-helloworld-checkManifestLockResult.txt",
			);
			runOnlyForDeploymentPostprocessing = 0;
			shellPath = /bin/sh;
			shellScript = "diff \"${PODS_PODFILE_DIR_PATH}/Podfile.lock\" \"${PODS_ROOT}/Manifest.lock\" > /dev/null\nif [ $? != 0 ] ; then\n    # print error to STDERR\n    echo \"error: The sandbox is not in sync with the Podfile.lock. Run 'pod install' or update your CocoaPods installation.\" >&2\n    exit 1\nfi\n# This output is used by Xcode 'outputs' to avoid re-running this script phase.\necho \"SUCCESS\" > \"${SCRIPT_OUTPUT_FILE_0}\"\n";
			showEnvVarsInLog = 0;
		};
		B11F299C12402F3972AF08D9 /* [CP] Embed Pods Frameworks */ = {
			isa = PBXShellScriptBuildPhase;
			buildActionMask = 2147483647;
			files = (
			);
			inputFileListPaths = (
				"${PODS_ROOT}/Target Support Files/Pods-helloworld-helloworldUITests/Pods-helloworld-helloworldUITests-frameworks-${CONFIGURATION}-input-files.xcfilelist",
			);
			name = "[CP] Embed Pods Frameworks";
			outputFileListPaths = (
				"${PODS_ROOT}/Target Support Files/Pods-helloworld-helloworldUITests/Pods-helloworld-helloworldUITests-frameworks-${CONFIGURATION}-output-files.xcfilelist",
			);
			runOnlyForDeploymentPostprocessing = 0;
			shellPath = /bin/sh;
			shellScript = "\"${PODS_ROOT}/Target Support Files/Pods-helloworld-helloworldUITests/Pods-helloworld-helloworldUITests-frameworks.sh\"\n";
			showEnvVarsInLog = 0;
		};
/* End PBXShellScriptBuildPhase section */

/* Begin PBXSourcesBuildPhase section */
		915945962C28372D003D2AC0 /* Sources */ = {
			isa = PBXSourcesBuildPhase;
			buildActionMask = 2147483647;
			files = (
				915945A02C28372D003D2AC0 /* ContentView.swift in Sources */,
				915945C82C28551E003D2AC0 /* NetworkCall.swift in Sources */,
				9159459E2C28372D003D2AC0 /* helloworldApp.swift in Sources */,
			);
			runOnlyForDeploymentPostprocessing = 0;
		};
		915945A62C28372E003D2AC0 /* Sources */ = {
			isa = PBXSourcesBuildPhase;
			buildActionMask = 2147483647;
			files = (
				915945AF2C28372E003D2AC0 /* helloworldTests.swift in Sources */,
			);
			runOnlyForDeploymentPostprocessing = 0;
		};
		915945B02C28372E003D2AC0 /* Sources */ = {
			isa = PBXSourcesBuildPhase;
			buildActionMask = 2147483647;
			files = (
				915945BB2C28372E003D2AC0 /* helloworldUITestsLaunchTests.swift in Sources */,
				915945B92C28372E003D2AC0 /* helloworldUITests.swift in Sources */,
			);
			runOnlyForDeploymentPostprocessing = 0;
		};
/* End PBXSourcesBuildPhase section */

/* Begin PBXTargetDependency section */
		915945AC2C28372E003D2AC0 /* PBXTargetDependency */ = {
			isa = PBXTargetDependency;
			target = 915945992C28372D003D2AC0 /* helloworld */;
			targetProxy = 915945AB2C28372E003D2AC0 /* PBXContainerItemProxy */;
		};
		915945B62C28372E003D2AC0 /* PBXTargetDependency */ = {
			isa = PBXTargetDependency;
			target = 915945992C28372D003D2AC0 /* helloworld */;
			targetProxy = 915945B52C28372E003D2AC0 /* PBXContainerItemProxy */;
		};
/* End PBXTargetDependency section */

/* Begin XCBuildConfiguration section */
		915945BC2C28372E003D2AC0 /* Debug */ = {
			isa = XCBuildConfiguration;
			buildSettings = {
				ALWAYS_SEARCH_USER_PATHS = NO;
				ASSETCATALOG_COMPILER_GENERATE_SWIFT_ASSET_SYMBOL_EXTENSIONS = YES;
				CLANG_ANALYZER_NONNULL = YES;
				CLANG_ANALYZER_NUMBER_OBJECT_CONVERSION = YES_AGGRESSIVE;
				CLANG_CXX_LANGUAGE_STANDARD = "gnu++20";
				CLANG_ENABLE_MODULES = YES;
				CLANG_ENABLE_OBJC_ARC = YES;
				CLANG_ENABLE_OBJC_WEAK = YES;
				CLANG_WARN_BLOCK_CAPTURE_AUTORELEASING = YES;
				CLANG_WARN_BOOL_CONVERSION = YES;
				CLANG_WARN_COMMA = YES;
				CLANG_WARN_CONSTANT_CONVERSION = YES;
				CLANG_WARN_DEPRECATED_OBJC_IMPLEMENTATIONS = YES;
				CLANG_WARN_DIRECT_OBJC_ISA_USAGE = YES_ERROR;
				CLANG_WARN_DOCUMENTATION_COMMENTS = YES;
				CLANG_WARN_EMPTY_BODY = YES;
				CLANG_WARN_ENUM_CONVERSION = YES;
				CLANG_WARN_INFINITE_RECURSION = YES;
				CLANG_WARN_INT_CONVERSION = YES;
				CLANG_WARN_NON_LITERAL_NULL_CONVERSION = YES;
				CLANG_WARN_OBJC_IMPLICIT_RETAIN_SELF = YES;
				CLANG_WARN_OBJC_LITERAL_CONVERSION = YES;
				CLANG_WARN_OBJC_ROOT_CLASS = YES_ERROR;
				CLANG_WARN_QUOTED_INCLUDE_IN_FRAMEWORK_HEADER = YES;
				CLANG_WARN_RANGE_LOOP_ANALYSIS = YES;
				CLANG_WARN_STRICT_PROTOTYPES = YES;
				CLANG_WARN_SUSPICIOUS_MOVE = YES;
				CLANG_WARN_UNGUARDED_AVAILABILITY = YES_AGGRESSIVE;
				CLANG_WARN_UNREACHABLE_CODE = YES;
				CLANG_WARN__DUPLICATE_METHOD_MATCH = YES;
				COPY_PHASE_STRIP = NO;
				DEBUG_INFORMATION_FORMAT = dwarf;
				ENABLE_STRICT_OBJC_MSGSEND = YES;
				ENABLE_TESTABILITY = YES;
				ENABLE_USER_SCRIPT_SANDBOXING = YES;
				GCC_C_LANGUAGE_STANDARD = gnu17;
				GCC_DYNAMIC_NO_PIC = NO;
				GCC_NO_COMMON_BLOCKS = YES;
				GCC_OPTIMIZATION_LEVEL = 0;
				GCC_PREPROCESSOR_DEFINITIONS = (
					"DEBUG=1",
					"$(inherited)",
				);
				GCC_WARN_64_TO_32_BIT_CONVERSION = YES;
				GCC_WARN_ABOUT_RETURN_TYPE = YES_ERROR;
				GCC_WARN_UNDECLARED_SELECTOR = YES;
				GCC_WARN_UNINITIALIZED_AUTOS = YES_AGGRESSIVE;
				GCC_WARN_UNUSED_FUNCTION = YES;
				GCC_WARN_UNUSED_VARIABLE = YES;
				LOCALIZATION_PREFERS_STRING_CATALOGS = YES;
				MTL_ENABLE_DEBUG_INFO = INCLUDE_SOURCE;
				MTL_FAST_MATH = YES;
				ONLY_ACTIVE_ARCH = YES;
				SDKROOT = appletvos;
				SWIFT_ACTIVE_COMPILATION_CONDITIONS = "DEBUG $(inherited)";
				SWIFT_OPTIMIZATION_LEVEL = "-Onone";
				TVOS_DEPLOYMENT_TARGET = 17.5;
			};
			name = Debug;
		};
		915945BD2C28372E003D2AC0 /* Release */ = {
			isa = XCBuildConfiguration;
			buildSettings = {
				ALWAYS_SEARCH_USER_PATHS = NO;
				ASSETCATALOG_COMPILER_GENERATE_SWIFT_ASSET_SYMBOL_EXTENSIONS = YES;
				CLANG_ANALYZER_NONNULL = YES;
				CLANG_ANALYZER_NUMBER_OBJECT_CONVERSION = YES_AGGRESSIVE;
				CLANG_CXX_LANGUAGE_STANDARD = "gnu++20";
				CLANG_ENABLE_MODULES = YES;
				CLANG_ENABLE_OBJC_ARC = YES;
				CLANG_ENABLE_OBJC_WEAK = YES;
				CLANG_WARN_BLOCK_CAPTURE_AUTORELEASING = YES;
				CLANG_WARN_BOOL_CONVERSION = YES;
				CLANG_WARN_COMMA = YES;
				CLANG_WARN_CONSTANT_CONVERSION = YES;
				CLANG_WARN_DEPRECATED_OBJC_IMPLEMENTATIONS = YES;
				CLANG_WARN_DIRECT_OBJC_ISA_USAGE = YES_ERROR;
				CLANG_WARN_DOCUMENTATION_COMMENTS = YES;
				CLANG_WARN_EMPTY_BODY = YES;
				CLANG_WARN_ENUM_CONVERSION = YES;
				CLANG_WARN_INFINITE_RECURSION = YES;
				CLANG_WARN_INT_CONVERSION = YES;
				CLANG_WARN_NON_LITERAL_NULL_CONVERSION = YES;
				CLANG_WARN_OBJC_IMPLICIT_RETAIN_SELF = YES;
				CLANG_WARN_OBJC_LITERAL_CONVERSION = YES;
				CLANG_WARN_OBJC_ROOT_CLASS = YES_ERROR;
				CLANG_WARN_QUOTED_INCLUDE_IN_FRAMEWORK_HEADER = YES;
				CLANG_WARN_RANGE_LOOP_ANALYSIS = YES;
				CLANG_WARN_STRICT_PROTOTYPES = YES;
				CLANG_WARN_SUSPICIOUS_MOVE = YES;
				CLANG_WARN_UNGUARDED_AVAILABILITY = YES_AGGRESSIVE;
				CLANG_WARN_UNREACHABLE_CODE = YES;
				CLANG_WARN__DUPLICATE_METHOD_MATCH = YES;
				COPY_PHASE_STRIP = NO;
				DEBUG_INFORMATION_FORMAT = "dwarf-with-dsym";
				ENABLE_NS_ASSERTIONS = NO;
				ENABLE_STRICT_OBJC_MSGSEND = YES;
				ENABLE_USER_SCRIPT_SANDBOXING = YES;
				GCC_C_LANGUAGE_STANDARD = gnu17;
				GCC_NO_COMMON_BLOCKS = YES;
				GCC_WARN_64_TO_32_BIT_CONVERSION = YES;
				GCC_WARN_ABOUT_RETURN_TYPE = YES_ERROR;
				GCC_WARN_UNDECLARED_SELECTOR = YES;
				GCC_WARN_UNINITIALIZED_AUTOS = YES_AGGRESSIVE;
				GCC_WARN_UNUSED_FUNCTION = YES;
				GCC_WARN_UNUSED_VARIABLE = YES;
				LOCALIZATION_PREFERS_STRING_CATALOGS = YES;
				MTL_ENABLE_DEBUG_INFO = NO;
				MTL_FAST_MATH = YES;
				SDKROOT = appletvos;
				SWIFT_COMPILATION_MODE = wholemodule;
				TVOS_DEPLOYMENT_TARGET = 17.5;
				VALIDATE_PRODUCT = YES;
			};
			name = Release;
		};
		915945BF2C28372E003D2AC0 /* Debug */ = {
			isa = XCBuildConfiguration;
			baseConfigurationReference = 097204708A8DEFE2E936FAF1 /* Pods-helloworld.debug.xcconfig */;
			buildSettings = {
				ASSETCATALOG_COMPILER_APPICON_NAME = "App Icon & Top Shelf Image";
				ASSETCATALOG_COMPILER_GLOBAL_ACCENT_COLOR_NAME = AccentColor;
				ASSETCATALOG_COMPILER_INCLUDE_ALL_APPICON_ASSETS = NO;
				CODE_SIGN_STYLE = Automatic;
				CURRENT_PROJECT_VERSION = 1;
				DEVELOPMENT_ASSET_PATHS = "\"helloworld/Preview Content\"";
				DEVELOPMENT_TEAM = MPM882X566;
				ENABLE_PREVIEWS = YES;
				ENABLE_USER_SCRIPT_SANDBOXING = NO;
				GENERATE_INFOPLIST_FILE = YES;
				INFOPLIST_KEY_UILaunchScreen_Generation = YES;
				INFOPLIST_KEY_UIUserInterfaceStyle = Automatic;
				LD_RUNPATH_SEARCH_PATHS = (
					"$(inherited)",
					"@executable_path/Frameworks",
				);
				MARKETING_VERSION = 1.0;
				PRODUCT_BUNDLE_IDENTIFIER = info.graffy.helloworld;
				PRODUCT_NAME = "$(TARGET_NAME)";
				SWIFT_EMIT_LOC_STRINGS = YES;
				SWIFT_VERSION = 5.0;
				TARGETED_DEVICE_FAMILY = 3;
			};
			name = Debug;
		};
		915945C02C28372E003D2AC0 /* Release */ = {
			isa = XCBuildConfiguration;
			baseConfigurationReference = B690851163CFF54FA2024FDB /* Pods-helloworld.release.xcconfig */;
			buildSettings = {
				ASSETCATALOG_COMPILER_APPICON_NAME = "App Icon & Top Shelf Image";
				ASSETCATALOG_COMPILER_GLOBAL_ACCENT_COLOR_NAME = AccentColor;
				ASSETCATALOG_COMPILER_INCLUDE_ALL_APPICON_ASSETS = NO;
				CODE_SIGN_STYLE = Automatic;
				CURRENT_PROJECT_VERSION = 1;
				DEVELOPMENT_ASSET_PATHS = "\"helloworld/Preview Content\"";
				DEVELOPMENT_TEAM = MPM882X566;
				ENABLE_PREVIEWS = YES;
				ENABLE_USER_SCRIPT_SANDBOXING = NO;
				GENERATE_INFOPLIST_FILE = YES;
				INFOPLIST_KEY_UILaunchScreen_Generation = YES;
				INFOPLIST_KEY_UIUserInterfaceStyle = Automatic;
				LD_RUNPATH_SEARCH_PATHS = (
					"$(inherited)",
					"@executable_path/Frameworks",
				);
				MARKETING_VERSION = 1.0;
				PRODUCT_BUNDLE_IDENTIFIER = info.graffy.helloworld;
				PRODUCT_NAME = "$(TARGET_NAME)";
				SWIFT_EMIT_LOC_STRINGS = YES;
				SWIFT_VERSION = 5.0;
				TARGETED_DEVICE_FAMILY = 3;
			};
			name = Release;
		};
		915945C22C28372E003D2AC0 /* Debug */ = {
			isa = XCBuildConfiguration;
			baseConfigurationReference = 8950B71FBD26E8650C5FE7F8 /* Pods-helloworldTests.debug.xcconfig */;
			buildSettings = {
				ALWAYS_EMBED_SWIFT_STANDARD_LIBRARIES = YES;
				BUNDLE_LOADER = "$(TEST_HOST)";
				CODE_SIGN_STYLE = Automatic;
				CURRENT_PROJECT_VERSION = 1;
				GENERATE_INFOPLIST_FILE = YES;
				MARKETING_VERSION = 1.0;
				PRODUCT_BUNDLE_IDENTIFIER = info.graffy.helloworldTests;
				PRODUCT_NAME = "$(TARGET_NAME)";
				SWIFT_EMIT_LOC_STRINGS = NO;
				SWIFT_VERSION = 5.0;
				TARGETED_DEVICE_FAMILY = 3;
				TEST_HOST = "$(BUILT_PRODUCTS_DIR)/helloworld.app/$(BUNDLE_EXECUTABLE_FOLDER_PATH)/helloworld";
				TVOS_DEPLOYMENT_TARGET = 17.5;
			};
			name = Debug;
		};
		915945C32C28372E003D2AC0 /* Release */ = {
			isa = XCBuildConfiguration;
			baseConfigurationReference = 809A0A0AFE16B6F41C7F4C7A /* Pods-helloworldTests.release.xcconfig */;
			buildSettings = {
				ALWAYS_EMBED_SWIFT_STANDARD_LIBRARIES = YES;
				BUNDLE_LOADER = "$(TEST_HOST)";
				CODE_SIGN_STYLE = Automatic;
				CURRENT_PROJECT_VERSION = 1;
				GENERATE_INFOPLIST_FILE = YES;
				MARKETING_VERSION = 1.0;
				PRODUCT_BUNDLE_IDENTIFIER = info.graffy.helloworldTests;
				PRODUCT_NAME = "$(TARGET_NAME)";
				SWIFT_EMIT_LOC_STRINGS = NO;
				SWIFT_VERSION = 5.0;
				TARGETED_DEVICE_FAMILY = 3;
				TEST_HOST = "$(BUILT_PRODUCTS_DIR)/helloworld.app/$(BUNDLE_EXECUTABLE_FOLDER_PATH)/helloworld";
				TVOS_DEPLOYMENT_TARGET = 17.5;
			};
			name = Release;
		};
		915945C52C28372E003D2AC0 /* Debug */ = {
			isa = XCBuildConfiguration;
			baseConfigurationReference = DD6AF5FFA470ADD1415E0D28 /* Pods-helloworld-helloworldUITests.debug.xcconfig */;
			buildSettings = {
				ALWAYS_EMBED_SWIFT_STANDARD_LIBRARIES = YES;
				CODE_SIGN_STYLE = Automatic;
				CURRENT_PROJECT_VERSION = 1;
				GENERATE_INFOPLIST_FILE = YES;
				MARKETING_VERSION = 1.0;
				PRODUCT_BUNDLE_IDENTIFIER = info.graffy.helloworldUITests;
				PRODUCT_NAME = "$(TARGET_NAME)";
				SWIFT_EMIT_LOC_STRINGS = NO;
				SWIFT_VERSION = 5.0;
				TARGETED_DEVICE_FAMILY = 3;
				TEST_TARGET_NAME = helloworld;
			};
			name = Debug;
		};
		915945C62C28372E003D2AC0 /* Release */ = {
			isa = XCBuildConfiguration;
			baseConfigurationReference = DFB3178D8762D45F8832086E /* Pods-helloworld-helloworldUITests.release.xcconfig */;
			buildSettings = {
				ALWAYS_EMBED_SWIFT_STANDARD_LIBRARIES = YES;
				CODE_SIGN_STYLE = Automatic;
				CURRENT_PROJECT_VERSION = 1;
				GENERATE_INFOPLIST_FILE = YES;
				MARKETING_VERSION = 1.0;
				PRODUCT_BUNDLE_IDENTIFIER = info.graffy.helloworldUITests;
				PRODUCT_NAME = "$(TARGET_NAME)";
				SWIFT_EMIT_LOC_STRINGS = NO;
				SWIFT_VERSION = 5.0;
				TARGETED_DEVICE_FAMILY = 3;
				TEST_TARGET_NAME = helloworld;
			};
			name = Release;
		};
/* End XCBuildConfiguration section */

/* Begin XCConfigurationList section */
		915945952C28372D003D2AC0 /* Build configuration list for PBXProject "helloworld" */ = {
			isa = XCConfigurationList;
			buildConfigurations = (
				915945BC2C28372E003D2AC0 /* Debug */,
				915945BD2C28372E003D2AC0 /* Release */,
			);
			defaultConfigurationIsVisible = 0;
			defaultConfigurationName = Release;
		};
		915945BE2C28372E003D2AC0 /* Build configuration list for PBXNativeTarget "helloworld" */ = {
			isa = XCConfigurationList;
			buildConfigurations = (
				915945BF2C28372E003D2AC0 /* Debug */,
				915945C02C28372E003D2AC0 /* Release */,
			);
			defaultConfigurationIsVisible = 0;
			defaultConfigurationName = Release;
		};
		915945C12C28372E003D2AC0 /* Build configuration list for PBXNativeTarget "helloworldTests" */ = {
			isa = XCConfigurationList;
			buildConfigurations = (
				915945C22C28372E003D2AC0 /* Debug */,
				915945C32C28372E003D2AC0 /* Release */,
			);
			defaultConfigurationIsVisible = 0;
			defaultConfigurationName = Release;
		};
		915945C42C28372E003D2AC0 /* Build configuration list for PBXNativeTarget "helloworldUITests" */ = {
			isa = XCConfigurationList;
			buildConfigurations = (
				915945C52C28372E003D2AC0 /* Debug */,
				915945C62C28372E003D2AC0 /* Release */,
			);
			defaultConfigurationIsVisible = 0;
			defaultConfigurationName = Release;
		};
/* End XCConfigurationList section */
	};
	rootObject = 915945922C28372D003D2AC0 /* Project object */;
}
