// !$*UTF8*$!
{
	archiveVersion = 1;
	classes = {
	};
	objectVersion = 56;
	objects = {

/* Begin PBXBuildFile section */
		3BABDFD45F22EE0AFE9C85C2 /* Pods_ambilighthue.framework in Frameworks */ = {isa = PBXBuildFile; fileRef = 971D087BFA4A6F649FA1224A /* Pods_ambilighthue.framework */; };
		9102F8582D23F966006555CF /* AmbilightHueControlViewTests.swift in Sources */ = {isa = PBXBuildFile; fileRef = 9102F8572D23F966006555CF /* AmbilightHueControlViewTests.swift */; };
		9102F85B2D284084006555CF /* AmbilightTvStub.swift in Sources */ = {isa = PBXBuildFile; fileRef = 9102F8592D241A26006555CF /* AmbilightTvStub.swift */; };
		9105693E2D7C4BF2003FCA1D /* SessionFactory.swift in Sources */ = {isa = PBXBuildFile; fileRef = 9105693D2D7C4BF2003FCA1D /* SessionFactory.swift */; };
		9159459E2C28372D003D2AC0 /* ambilightHueApp.swift in Sources */ = {isa = PBXBuildFile; fileRef = 9159459D2C28372D003D2AC0 /* ambilightHueApp.swift */; };
		915945A02C28372D003D2AC0 /* AmbilightHueControlView.swift in Sources */ = {isa = PBXBuildFile; fileRef = 9159459F2C28372D003D2AC0 /* AmbilightHueControlView.swift */; };
		915945A22C28372E003D2AC0 /* Assets.xcassets in Resources */ = {isa = PBXBuildFile; fileRef = 915945A12C28372E003D2AC0 /* Assets.xcassets */; };
		915945A52C28372E003D2AC0 /* Preview Assets.xcassets in Resources */ = {isa = PBXBuildFile; fileRef = 915945A42C28372E003D2AC0 /* Preview Assets.xcassets */; };
		915945AF2C28372E003D2AC0 /* AmbilightTvTests.swift in Sources */ = {isa = PBXBuildFile; fileRef = 915945AE2C28372E003D2AC0 /* AmbilightTvTests.swift */; };
		915945C82C28551E003D2AC0 /* AmbilightTv.swift in Sources */ = {isa = PBXBuildFile; fileRef = 915945C72C28551E003D2AC0 /* AmbilightTv.swift */; };
		916DCBED2DAAF9B7008F612F /* PinEntrySheetView.swift in Sources */ = {isa = PBXBuildFile; fileRef = 916DCBEC2DAAF9AC008F612F /* PinEntrySheetView.swift */; };
		916DCBEF2DAAFB79008F612F /* ViewExtensions.swift in Sources */ = {isa = PBXBuildFile; fileRef = 916DCBEE2DAAFB73008F612F /* ViewExtensions.swift */; };
		91986A6D2D72FC45003A09A6 /* SettingsView.swift in Sources */ = {isa = PBXBuildFile; fileRef = 91986A6C2D72FC45003A09A6 /* SettingsView.swift */; };
		91986A6F2D730BE5003A09A6 /* AmbilightTvPairingInProgress.swift in Sources */ = {isa = PBXBuildFile; fileRef = 91986A6E2D730BE5003A09A6 /* AmbilightTvPairingInProgress.swift */; };
		91986A712D730BFD003A09A6 /* AmbilightTvProtocol.swift in Sources */ = {isa = PBXBuildFile; fileRef = 91986A702D730BFD003A09A6 /* AmbilightTvProtocol.swift */; };
		91D92E1F2D16FDD20025E3B9 /* Mocker in Frameworks */ = {isa = PBXBuildFile; productRef = 91D92E1E2D16FDD20025E3B9 /* Mocker */; };
		91E22EF72D20859F00034DEB /* AmbilightTvConfig.swift in Sources */ = {isa = PBXBuildFile; fileRef = 91E22EF62D20859F00034DEB /* AmbilightTvConfig.swift */; };
		91E858D62D930CCB00B5C33E /* SettingsViewTests.swift in Sources */ = {isa = PBXBuildFile; fileRef = 91E858D52D930CCB00B5C33E /* SettingsViewTests.swift */; };
		B2FF6AF3AA360672A6EDA84A /* Pods_ambilighthueTests.framework in Frameworks */ = {isa = PBXBuildFile; fileRef = 29209E387B2026A2FA51774B /* Pods_ambilighthueTests.framework */; };
/* End PBXBuildFile section */

/* Begin PBXContainerItemProxy section */
		915945AB2C28372E003D2AC0 /* PBXContainerItemProxy */ = {
			isa = PBXContainerItemProxy;
			containerPortal = 915945922C28372D003D2AC0 /* Project object */;
			proxyType = 1;
			remoteGlobalIDString = 915945992C28372D003D2AC0;
			remoteInfo = helloworld;
		};
/* End PBXContainerItemProxy section */

/* Begin PBXFileReference section */
		29209E387B2026A2FA51774B /* Pods_ambilighthueTests.framework */ = {isa = PBXFileReference; explicitFileType = wrapper.framework; includeInIndex = 0; path = Pods_ambilighthueTests.framework; sourceTree = BUILT_PRODUCTS_DIR; };
		38C47B317CB7F7CDD0B7F9AA /* Pods-ambilighthueTests.debug.xcconfig */ = {isa = PBXFileReference; includeInIndex = 1; lastKnownFileType = text.xcconfig; name = "Pods-ambilighthueTests.debug.xcconfig"; path = "Target Support Files/Pods-ambilighthueTests/Pods-ambilighthueTests.debug.xcconfig"; sourceTree = "<group>"; };
		772E1536E5DDA402B6FC04F0 /* Pods-ambilighthue.release.xcconfig */ = {isa = PBXFileReference; includeInIndex = 1; lastKnownFileType = text.xcconfig; name = "Pods-ambilighthue.release.xcconfig"; path = "Target Support Files/Pods-ambilighthue/Pods-ambilighthue.release.xcconfig"; sourceTree = "<group>"; };
		9102F8572D23F966006555CF /* AmbilightHueControlViewTests.swift */ = {isa = PBXFileReference; lastKnownFileType = sourcecode.swift; path = AmbilightHueControlViewTests.swift; sourceTree = "<group>"; };
		9102F8592D241A26006555CF /* AmbilightTvStub.swift */ = {isa = PBXFileReference; lastKnownFileType = sourcecode.swift; path = AmbilightTvStub.swift; sourceTree = "<group>"; };
		9104DE202E2501250067F476 /* CLAUDE.md */ = {isa = PBXFileReference; lastKnownFileType = net.daringfireball.markdown; path = CLAUDE.md; sourceTree = "<group>"; };
		9104DE212E2501250067F476 /* README.md */ = {isa = PBXFileReference; lastKnownFileType = net.daringfireball.markdown; path = README.md; sourceTree = "<group>"; };
		9105693D2D7C4BF2003FCA1D /* SessionFactory.swift */ = {isa = PBXFileReference; lastKnownFileType = sourcecode.swift; path = SessionFactory.swift; sourceTree = "<group>"; };
		9159459A2C28372D003D2AC0 /* ambilighthue.app */ = {isa = PBXFileReference; explicitFileType = wrapper.application; includeInIndex = 0; path = ambilighthue.app; sourceTree = BUILT_PRODUCTS_DIR; };
		9159459D2C28372D003D2AC0 /* ambilightHueApp.swift */ = {isa = PBXFileReference; lastKnownFileType = sourcecode.swift; path = ambilightHueApp.swift; sourceTree = "<group>"; };
		9159459F2C28372D003D2AC0 /* AmbilightHueControlView.swift */ = {isa = PBXFileReference; lastKnownFileType = sourcecode.swift; path = AmbilightHueControlView.swift; sourceTree = "<group>"; };
		915945A12C28372E003D2AC0 /* Assets.xcassets */ = {isa = PBXFileReference; lastKnownFileType = folder.assetcatalog; path = Assets.xcassets; sourceTree = "<group>"; };
		915945A42C28372E003D2AC0 /* Preview Assets.xcassets */ = {isa = PBXFileReference; lastKnownFileType = folder.assetcatalog; path = "Preview Assets.xcassets"; sourceTree = "<group>"; };
		915945AA2C28372E003D2AC0 /* ambilighthueTests.xctest */ = {isa = PBXFileReference; explicitFileType = wrapper.cfbundle; includeInIndex = 0; path = ambilighthueTests.xctest; sourceTree = BUILT_PRODUCTS_DIR; };
		915945AE2C28372E003D2AC0 /* AmbilightTvTests.swift */ = {isa = PBXFileReference; lastKnownFileType = sourcecode.swift; path = AmbilightTvTests.swift; sourceTree = "<group>"; };
		915945C72C28551E003D2AC0 /* AmbilightTv.swift */ = {isa = PBXFileReference; lastKnownFileType = sourcecode.swift; path = AmbilightTv.swift; sourceTree = "<group>"; };
		916DCBEC2DAAF9AC008F612F /* PinEntrySheetView.swift */ = {isa = PBXFileReference; lastKnownFileType = sourcecode.swift; path = PinEntrySheetView.swift; sourceTree = "<group>"; };
		916DCBEE2DAAFB73008F612F /* ViewExtensions.swift */ = {isa = PBXFileReference; lastKnownFileType = sourcecode.swift; path = ViewExtensions.swift; sourceTree = "<group>"; };
		91986A6C2D72FC45003A09A6 /* SettingsView.swift */ = {isa = PBXFileReference; lastKnownFileType = sourcecode.swift; path = SettingsView.swift; sourceTree = "<group>"; };
		91986A6E2D730BE5003A09A6 /* AmbilightTvPairingInProgress.swift */ = {isa = PBXFileReference; lastKnownFileType = sourcecode.swift; path = AmbilightTvPairingInProgress.swift; sourceTree = "<group>"; };
		91986A702D730BFD003A09A6 /* AmbilightTvProtocol.swift */ = {isa = PBXFileReference; lastKnownFileType = sourcecode.swift; path = AmbilightTvProtocol.swift; sourceTree = "<group>"; };
		91E22EF62D20859F00034DEB /* AmbilightTvConfig.swift */ = {isa = PBXFileReference; lastKnownFileType = sourcecode.swift; path = AmbilightTvConfig.swift; sourceTree = "<group>"; };
		91E858D52D930CCB00B5C33E /* SettingsViewTests.swift */ = {isa = PBXFileReference; lastKnownFileType = sourcecode.swift; path = SettingsViewTests.swift; sourceTree = "<group>"; };
		91F63C382C2EE2EF009BBBE3 /* todo.md */ = {isa = PBXFileReference; lastKnownFileType = net.daringfireball.markdown; path = todo.md; sourceTree = "<group>"; };
		971D087BFA4A6F649FA1224A /* Pods_ambilighthue.framework */ = {isa = PBXFileReference; explicitFileType = wrapper.framework; includeInIndex = 0; path = Pods_ambilighthue.framework; sourceTree = BUILT_PRODUCTS_DIR; };
		DC2F8D547D974DE200AB41E8 /* Pods-ambilighthueTests.release.xcconfig */ = {isa = PBXFileReference; includeInIndex = 1; lastKnownFileType = text.xcconfig; name = "Pods-ambilighthueTests.release.xcconfig"; path = "Target Support Files/Pods-ambilighthueTests/Pods-ambilighthueTests.release.xcconfig"; sourceTree = "<group>"; };
		F3B7543FE67F08AB0837CF1D /* Pods-ambilighthue.debug.xcconfig */ = {isa = PBXFileReference; includeInIndex = 1; lastKnownFileType = text.xcconfig; name = "Pods-ambilighthue.debug.xcconfig"; path = "Target Support Files/Pods-ambilighthue/Pods-ambilighthue.debug.xcconfig"; sourceTree = "<group>"; };
/* End PBXFileReference section */

/* Begin PBXFrameworksBuildPhase section */
		915945972C28372D003D2AC0 /* Frameworks */ = {
			isa = PBXFrameworksBuildPhase;
			buildActionMask = 2147483647;
			files = (
				3BABDFD45F22EE0AFE9C85C2 /* Pods_ambilighthue.framework in Frameworks */,
			);
			runOnlyForDeploymentPostprocessing = 0;
		};
		915945A72C28372E003D2AC0 /* Frameworks */ = {
			isa = PBXFrameworksBuildPhase;
			buildActionMask = 2147483647;
			files = (
				91D92E1F2D16FDD20025E3B9 /* Mocker in Frameworks */,
				B2FF6AF3AA360672A6EDA84A /* Pods_ambilighthueTests.framework in Frameworks */,
			);
			runOnlyForDeploymentPostprocessing = 0;
		};
/* End PBXFrameworksBuildPhase section */

/* Begin PBXGroup section */
		26A5B51C6E90E6F3636351B2 /* Frameworks */ = {
			isa = PBXGroup;
			children = (
				971D087BFA4A6F649FA1224A /* Pods_ambilighthue.framework */,
				29209E387B2026A2FA51774B /* Pods_ambilighthueTests.framework */,
			);
			name = Frameworks;
			sourceTree = "<group>";
		};
		915945912C28372D003D2AC0 = {
			isa = PBXGroup;
			children = (
				91F63C382C2EE2EF009BBBE3 /* todo.md */,
				9104DE202E2501250067F476 /* CLAUDE.md */,
				9104DE212E2501250067F476 /* README.md */,
				9159459C2C28372D003D2AC0 /* ambilighthue */,
				915945AD2C28372E003D2AC0 /* ambilighthueTests */,
				9159459B2C28372D003D2AC0 /* Products */,
				9F61BEB0E91494741FB46E6C /* Pods */,
				26A5B51C6E90E6F3636351B2 /* Frameworks */,
			);
			sourceTree = "<group>";
		};
		9159459B2C28372D003D2AC0 /* Products */ = {
			isa = PBXGroup;
			children = (
				9159459A2C28372D003D2AC0 /* ambilighthue.app */,
				915945AA2C28372E003D2AC0 /* ambilighthueTests.xctest */,
			);
			name = Products;
			sourceTree = "<group>";
		};
		9159459C2C28372D003D2AC0 /* ambilighthue */ = {
			isa = PBXGroup;
			children = (
				916DCBEE2DAAFB73008F612F /* ViewExtensions.swift */,
				916DCBEC2DAAF9AC008F612F /* PinEntrySheetView.swift */,
				9102F8592D241A26006555CF /* AmbilightTvStub.swift */,
				9159459D2C28372D003D2AC0 /* ambilightHueApp.swift */,
				9159459F2C28372D003D2AC0 /* AmbilightHueControlView.swift */,
				91986A6C2D72FC45003A09A6 /* SettingsView.swift */,
				915945C72C28551E003D2AC0 /* AmbilightTv.swift */,
				91986A702D730BFD003A09A6 /* AmbilightTvProtocol.swift */,
				91986A6E2D730BE5003A09A6 /* AmbilightTvPairingInProgress.swift */,
				91E22EF62D20859F00034DEB /* AmbilightTvConfig.swift */,
				915945A12C28372E003D2AC0 /* Assets.xcassets */,
				915945A32C28372E003D2AC0 /* Preview Content */,
				9105693D2D7C4BF2003FCA1D /* SessionFactory.swift */,
			);
			path = ambilighthue;
			sourceTree = "<group>";
		};
		915945A32C28372E003D2AC0 /* Preview Content */ = {
			isa = PBXGroup;
			children = (
				915945A42C28372E003D2AC0 /* Preview Assets.xcassets */,
			);
			path = "Preview Content";
			sourceTree = "<group>";
		};
		915945AD2C28372E003D2AC0 /* ambilighthueTests */ = {
			isa = PBXGroup;
			children = (
				91E858D52D930CCB00B5C33E /* SettingsViewTests.swift */,
				915945AE2C28372E003D2AC0 /* AmbilightTvTests.swift */,
				9102F8572D23F966006555CF /* AmbilightHueControlViewTests.swift */,
			);
			path = ambilighthueTests;
			sourceTree = "<group>";
		};
		9F61BEB0E91494741FB46E6C /* Pods */ = {
			isa = PBXGroup;
			children = (
				F3B7543FE67F08AB0837CF1D /* Pods-ambilighthue.debug.xcconfig */,
				772E1536E5DDA402B6FC04F0 /* Pods-ambilighthue.release.xcconfig */,
				38C47B317CB7F7CDD0B7F9AA /* Pods-ambilighthueTests.debug.xcconfig */,
				DC2F8D547D974DE200AB41E8 /* Pods-ambilighthueTests.release.xcconfig */,
			);
			path = Pods;
			sourceTree = "<group>";
		};
/* End PBXGroup section */

/* Begin PBXNativeTarget section */
		915945992C28372D003D2AC0 /* ambilighthue */ = {
			isa = PBXNativeTarget;
			buildConfigurationList = 915945BE2C28372E003D2AC0 /* Build configuration list for PBXNativeTarget "ambilighthue" */;
			buildPhases = (
				4253CB0CDE3E5976EAE15739 /* [CP] Check Pods Manifest.lock */,
				915945962C28372D003D2AC0 /* Sources */,
				915945972C28372D003D2AC0 /* Frameworks */,
				915945982C28372D003D2AC0 /* Resources */,
				CE5AE0C80FA7C3ADE3036C5E /* [CP] Embed Pods Frameworks */,
			);
			buildRules = (
			);
			dependencies = (
			);
			name = ambilighthue;
			productName = helloworld;
			productReference = 9159459A2C28372D003D2AC0 /* ambilighthue.app */;
			productType = "com.apple.product-type.application";
		};
		915945A92C28372E003D2AC0 /* ambilighthueTests */ = {
			isa = PBXNativeTarget;
			buildConfigurationList = 915945C12C28372E003D2AC0 /* Build configuration list for PBXNativeTarget "ambilighthueTests" */;
			buildPhases = (
				A1B913326038EE89C1A48897 /* [CP] Check Pods Manifest.lock */,
				915945A62C28372E003D2AC0 /* Sources */,
				915945A72C28372E003D2AC0 /* Frameworks */,
				915945A82C28372E003D2AC0 /* Resources */,
				9C878B9C492C4C13FE1B06D8 /* [CP] Embed Pods Frameworks */,
			);
			buildRules = (
			);
			dependencies = (
				915945AC2C28372E003D2AC0 /* PBXTargetDependency */,
			);
			name = ambilighthueTests;
			productName = helloworldTests;
			productReference = 915945AA2C28372E003D2AC0 /* ambilighthueTests.xctest */;
			productType = "com.apple.product-type.bundle.unit-test";
		};
/* End PBXNativeTarget section */

/* Begin PBXProject section */
		915945922C28372D003D2AC0 /* Project object */ = {
			isa = PBXProject;
			attributes = {
				BuildIndependentTargetsInParallel = 1;
				LastSwiftUpdateCheck = 1540;
				LastUpgradeCheck = 1620;
				TargetAttributes = {
					915945992C28372D003D2AC0 = {
						CreatedOnToolsVersion = 15.4;
					};
					915945A92C28372E003D2AC0 = {
						CreatedOnToolsVersion = 15.4;
						TestTargetID = 915945992C28372D003D2AC0;
					};
				};
			};
			buildConfigurationList = 915945952C28372D003D2AC0 /* Build configuration list for PBXProject "ambilighthue" */;
			compatibilityVersion = "Xcode 14.0";
			developmentRegion = en;
			hasScannedForEncodings = 0;
			knownRegions = (
				en,
				Base,
			);
			mainGroup = 915945912C28372D003D2AC0;
			packageReferences = (
				91D92E1D2D16FDD20025E3B9 /* XCRemoteSwiftPackageReference "Mocker" */,
			);
			productRefGroup = 9159459B2C28372D003D2AC0 /* Products */;
			projectDirPath = "";
			projectRoot = "";
			targets = (
				915945992C28372D003D2AC0 /* ambilighthue */,
				915945A92C28372E003D2AC0 /* ambilighthueTests */,
			);
		};
/* End PBXProject section */

/* Begin PBXResourcesBuildPhase section */
		915945982C28372D003D2AC0 /* Resources */ = {
			isa = PBXResourcesBuildPhase;
			buildActionMask = 2147483647;
			files = (
				915945A52C28372E003D2AC0 /* Preview Assets.xcassets in Resources */,
				915945A22C28372E003D2AC0 /* Assets.xcassets in Resources */,
			);
			runOnlyForDeploymentPostprocessing = 0;
		};
		915945A82C28372E003D2AC0 /* Resources */ = {
			isa = PBXResourcesBuildPhase;
			buildActionMask = 2147483647;
			files = (
			);
			runOnlyForDeploymentPostprocessing = 0;
		};
/* End PBXResourcesBuildPhase section */

/* Begin PBXShellScriptBuildPhase section */
		4253CB0CDE3E5976EAE15739 /* [CP] Check Pods Manifest.lock */ = {
			isa = PBXShellScriptBuildPhase;
			buildActionMask = 2147483647;
			files = (
			);
			inputFileListPaths = (
			);
			inputPaths = (
				"${PODS_PODFILE_DIR_PATH}/Podfile.lock",
				"${PODS_ROOT}/Manifest.lock",
			);
			name = "[CP] Check Pods Manifest.lock";
			outputFileListPaths = (
			);
			outputPaths = (
				"$(DERIVED_FILE_DIR)/Pods-ambilighthue-checkManifestLockResult.txt",
			);
			runOnlyForDeploymentPostprocessing = 0;
			shellPath = /bin/sh;
			shellScript = "diff \"${PODS_PODFILE_DIR_PATH}/Podfile.lock\" \"${PODS_ROOT}/Manifest.lock\" > /dev/null\nif [ $? != 0 ] ; then\n    # print error to STDERR\n    echo \"error: The sandbox is not in sync with the Podfile.lock. Run 'pod install' or update your CocoaPods installation.\" >&2\n    exit 1\nfi\n# This output is used by Xcode 'outputs' to avoid re-running this script phase.\necho \"SUCCESS\" > \"${SCRIPT_OUTPUT_FILE_0}\"\n";
			showEnvVarsInLog = 0;
		};
		9C878B9C492C4C13FE1B06D8 /* [CP] Embed Pods Frameworks */ = {
			isa = PBXShellScriptBuildPhase;
			buildActionMask = 2147483647;
			files = (
			);
			inputFileListPaths = (
				"${PODS_ROOT}/Target Support Files/Pods-ambilighthueTests/Pods-ambilighthueTests-frameworks-${CONFIGURATION}-input-files.xcfilelist",
			);
			inputPaths = (
			);
			name = "[CP] Embed Pods Frameworks";
			outputFileListPaths = (
				"${PODS_ROOT}/Target Support Files/Pods-ambilighthueTests/Pods-ambilighthueTests-frameworks-${CONFIGURATION}-output-files.xcfilelist",
			);
			outputPaths = (
			);
			runOnlyForDeploymentPostprocessing = 0;
			shellPath = /bin/sh;
			shellScript = "\"${PODS_ROOT}/Target Support Files/Pods-ambilighthueTests/Pods-ambilighthueTests-frameworks.sh\"\n";
			showEnvVarsInLog = 0;
		};
		A1B913326038EE89C1A48897 /* [CP] Check Pods Manifest.lock */ = {
			isa = PBXShellScriptBuildPhase;
			buildActionMask = 2147483647;
			files = (
			);
			inputFileListPaths = (
			);
			inputPaths = (
				"${PODS_PODFILE_DIR_PATH}/Podfile.lock",
				"${PODS_ROOT}/Manifest.lock",
			);
			name = "[CP] Check Pods Manifest.lock";
			outputFileListPaths = (
			);
			outputPaths = (
				"$(DERIVED_FILE_DIR)/Pods-ambilighthueTests-checkManifestLockResult.txt",
			);
			runOnlyForDeploymentPostprocessing = 0;
			shellPath = /bin/sh;
			shellScript = "diff \"${PODS_PODFILE_DIR_PATH}/Podfile.lock\" \"${PODS_ROOT}/Manifest.lock\" > /dev/null\nif [ $? != 0 ] ; then\n    # print error to STDERR\n    echo \"error: The sandbox is not in sync with the Podfile.lock. Run 'pod install' or update your CocoaPods installation.\" >&2\n    exit 1\nfi\n# This output is used by Xcode 'outputs' to avoid re-running this script phase.\necho \"SUCCESS\" > \"${SCRIPT_OUTPUT_FILE_0}\"\n";
			showEnvVarsInLog = 0;
		};
		CE5AE0C80FA7C3ADE3036C5E /* [CP] Embed Pods Frameworks */ = {
			isa = PBXShellScriptBuildPhase;
			buildActionMask = 2147483647;
			files = (
			);
			inputFileListPaths = (
				"${PODS_ROOT}/Target Support Files/Pods-ambilighthue/Pods-ambilighthue-frameworks-${CONFIGURATION}-input-files.xcfilelist",
			);
			inputPaths = (
			);
			name = "[CP] Embed Pods Frameworks";
			outputFileListPaths = (
				"${PODS_ROOT}/Target Support Files/Pods-ambilighthue/Pods-ambilighthue-frameworks-${CONFIGURATION}-output-files.xcfilelist",
			);
			outputPaths = (
			);
			runOnlyForDeploymentPostprocessing = 0;
			shellPath = /bin/sh;
			shellScript = "\"${PODS_ROOT}/Target Support Files/Pods-ambilighthue/Pods-ambilighthue-frameworks.sh\"\n";
			showEnvVarsInLog = 0;
		};
/* End PBXShellScriptBuildPhase section */

/* Begin PBXSourcesBuildPhase section */
		915945962C28372D003D2AC0 /* Sources */ = {
			isa = PBXSourcesBuildPhase;
			buildActionMask = 2147483647;
			files = (
				916DCBEF2DAAFB79008F612F /* ViewExtensions.swift in Sources */,
				915945A02C28372D003D2AC0 /* AmbilightHueControlView.swift in Sources */,
				91986A712D730BFD003A09A6 /* AmbilightTvProtocol.swift in Sources */,
				9102F85B2D284084006555CF /* AmbilightTvStub.swift in Sources */,
				915945C82C28551E003D2AC0 /* AmbilightTv.swift in Sources */,
				91986A6D2D72FC45003A09A6 /* SettingsView.swift in Sources */,
				91986A6F2D730BE5003A09A6 /* AmbilightTvPairingInProgress.swift in Sources */,
				9159459E2C28372D003D2AC0 /* ambilightHueApp.swift in Sources */,
				91E22EF72D20859F00034DEB /* AmbilightTvConfig.swift in Sources */,
				9105693E2D7C4BF2003FCA1D /* SessionFactory.swift in Sources */,
				916DCBED2DAAF9B7008F612F /* PinEntrySheetView.swift in Sources */,
			);
			runOnlyForDeploymentPostprocessing = 0;
		};
		915945A62C28372E003D2AC0 /* Sources */ = {
			isa = PBXSourcesBuildPhase;
			buildActionMask = 2147483647;
			files = (
				915945AF2C28372E003D2AC0 /* AmbilightTvTests.swift in Sources */,
				9102F8582D23F966006555CF /* AmbilightHueControlViewTests.swift in Sources */,
				91E858D62D930CCB00B5C33E /* SettingsViewTests.swift in Sources */,
			);
			runOnlyForDeploymentPostprocessing = 0;
		};
/* End PBXSourcesBuildPhase section */

/* Begin PBXTargetDependency section */
		915945AC2C28372E003D2AC0 /* PBXTargetDependency */ = {
			isa = PBXTargetDependency;
			target = 915945992C28372D003D2AC0 /* ambilighthue */;
			targetProxy = 915945AB2C28372E003D2AC0 /* PBXContainerItemProxy */;
		};
/* End PBXTargetDependency section */

/* Begin XCBuildConfiguration section */
		915945BC2C28372E003D2AC0 /* Debug */ = {
			isa = XCBuildConfiguration;
			buildSettings = {
				ALWAYS_SEARCH_USER_PATHS = NO;
				ASSETCATALOG_COMPILER_GENERATE_SWIFT_ASSET_SYMBOL_EXTENSIONS = YES;
				CLANG_ANALYZER_NONNULL = YES;
				CLANG_ANALYZER_NUMBER_OBJECT_CONVERSION = YES_AGGRESSIVE;
				CLANG_CXX_LANGUAGE_STANDARD = "gnu++20";
				CLANG_ENABLE_MODULES = YES;
				CLANG_ENABLE_OBJC_ARC = YES;
				CLANG_ENABLE_OBJC_WEAK = YES;
				CLANG_WARN_BLOCK_CAPTURE_AUTORELEASING = YES;
				CLANG_WARN_BOOL_CONVERSION = YES;
				CLANG_WARN_COMMA = YES;
				CLANG_WARN_CONSTANT_CONVERSION = YES;
				CLANG_WARN_DEPRECATED_OBJC_IMPLEMENTATIONS = YES;
				CLANG_WARN_DIRECT_OBJC_ISA_USAGE = YES_ERROR;
				CLANG_WARN_DOCUMENTATION_COMMENTS = YES;
				CLANG_WARN_EMPTY_BODY = YES;
				CLANG_WARN_ENUM_CONVERSION = YES;
				CLANG_WARN_INFINITE_RECURSION = YES;
				CLANG_WARN_INT_CONVERSION = YES;
				CLANG_WARN_NON_LITERAL_NULL_CONVERSION = YES;
				CLANG_WARN_OBJC_IMPLICIT_RETAIN_SELF = YES;
				CLANG_WARN_OBJC_LITERAL_CONVERSION = YES;
				CLANG_WARN_OBJC_ROOT_CLASS = YES_ERROR;
				CLANG_WARN_QUOTED_INCLUDE_IN_FRAMEWORK_HEADER = YES;
				CLANG_WARN_RANGE_LOOP_ANALYSIS = YES;
				CLANG_WARN_STRICT_PROTOTYPES = YES;
				CLANG_WARN_SUSPICIOUS_MOVE = YES;
				CLANG_WARN_UNGUARDED_AVAILABILITY = YES_AGGRESSIVE;
				CLANG_WARN_UNREACHABLE_CODE = YES;
				CLANG_WARN__DUPLICATE_METHOD_MATCH = YES;
				COPY_PHASE_STRIP = NO;
				DEBUG_INFORMATION_FORMAT = dwarf;
				ENABLE_STRICT_OBJC_MSGSEND = YES;
				ENABLE_TESTABILITY = YES;
				ENABLE_USER_SCRIPT_SANDBOXING = NO;
				GCC_C_LANGUAGE_STANDARD = gnu17;
				GCC_DYNAMIC_NO_PIC = NO;
				GCC_NO_COMMON_BLOCKS = YES;
				GCC_OPTIMIZATION_LEVEL = 0;
				GCC_PREPROCESSOR_DEFINITIONS = (
					"DEBUG=1",
					"$(inherited)",
				);
				GCC_WARN_64_TO_32_BIT_CONVERSION = YES;
				GCC_WARN_ABOUT_RETURN_TYPE = YES_ERROR;
				GCC_WARN_UNDECLARED_SELECTOR = YES;
				GCC_WARN_UNINITIALIZED_AUTOS = YES_AGGRESSIVE;
				GCC_WARN_UNUSED_FUNCTION = YES;
				GCC_WARN_UNUSED_VARIABLE = YES;
				LOCALIZATION_PREFERS_STRING_CATALOGS = YES;
				MTL_ENABLE_DEBUG_INFO = INCLUDE_SOURCE;
				MTL_FAST_MATH = YES;
				ONLY_ACTIVE_ARCH = YES;
				SDKROOT = appletvos;
				SWIFT_ACTIVE_COMPILATION_CONDITIONS = "DEBUG $(inherited)";
				SWIFT_OPTIMIZATION_LEVEL = "-Onone";
				TVOS_DEPLOYMENT_TARGET = 17.5;
			};
			name = Debug;
		};
		915945BD2C28372E003D2AC0 /* Release */ = {
			isa = XCBuildConfiguration;
			buildSettings = {
				ALWAYS_SEARCH_USER_PATHS = NO;
				ASSETCATALOG_COMPILER_GENERATE_SWIFT_ASSET_SYMBOL_EXTENSIONS = YES;
				CLANG_ANALYZER_NONNULL = YES;
				CLANG_ANALYZER_NUMBER_OBJECT_CONVERSION = YES_AGGRESSIVE;
				CLANG_CXX_LANGUAGE_STANDARD = "gnu++20";
				CLANG_ENABLE_MODULES = YES;
				CLANG_ENABLE_OBJC_ARC = YES;
				CLANG_ENABLE_OBJC_WEAK = YES;
				CLANG_WARN_BLOCK_CAPTURE_AUTORELEASING = YES;
				CLANG_WARN_BOOL_CONVERSION = YES;
				CLANG_WARN_COMMA = YES;
				CLANG_WARN_CONSTANT_CONVERSION = YES;
				CLANG_WARN_DEPRECATED_OBJC_IMPLEMENTATIONS = YES;
				CLANG_WARN_DIRECT_OBJC_ISA_USAGE = YES_ERROR;
				CLANG_WARN_DOCUMENTATION_COMMENTS = YES;
				CLANG_WARN_EMPTY_BODY = YES;
				CLANG_WARN_ENUM_CONVERSION = YES;
				CLANG_WARN_INFINITE_RECURSION = YES;
				CLANG_WARN_INT_CONVERSION = YES;
				CLANG_WARN_NON_LITERAL_NULL_CONVERSION = YES;
				CLANG_WARN_OBJC_IMPLICIT_RETAIN_SELF = YES;
				CLANG_WARN_OBJC_LITERAL_CONVERSION = YES;
				CLANG_WARN_OBJC_ROOT_CLASS = YES_ERROR;
				CLANG_WARN_QUOTED_INCLUDE_IN_FRAMEWORK_HEADER = YES;
				CLANG_WARN_RANGE_LOOP_ANALYSIS = YES;
				CLANG_WARN_STRICT_PROTOTYPES = YES;
				CLANG_WARN_SUSPICIOUS_MOVE = YES;
				CLANG_WARN_UNGUARDED_AVAILABILITY = YES_AGGRESSIVE;
				CLANG_WARN_UNREACHABLE_CODE = YES;
				CLANG_WARN__DUPLICATE_METHOD_MATCH = YES;
				COPY_PHASE_STRIP = NO;
				DEBUG_INFORMATION_FORMAT = "dwarf-with-dsym";
				ENABLE_NS_ASSERTIONS = NO;
				ENABLE_STRICT_OBJC_MSGSEND = YES;
				ENABLE_USER_SCRIPT_SANDBOXING = NO;
				GCC_C_LANGUAGE_STANDARD = gnu17;
				GCC_NO_COMMON_BLOCKS = YES;
				GCC_WARN_64_TO_32_BIT_CONVERSION = YES;
				GCC_WARN_ABOUT_RETURN_TYPE = YES_ERROR;
				GCC_WARN_UNDECLARED_SELECTOR = YES;
				GCC_WARN_UNINITIALIZED_AUTOS = YES_AGGRESSIVE;
				GCC_WARN_UNUSED_FUNCTION = YES;
				GCC_WARN_UNUSED_VARIABLE = YES;
				LOCALIZATION_PREFERS_STRING_CATALOGS = YES;
				MTL_ENABLE_DEBUG_INFO = NO;
				MTL_FAST_MATH = YES;
				SDKROOT = appletvos;
				SWIFT_COMPILATION_MODE = wholemodule;
				TVOS_DEPLOYMENT_TARGET = 17.5;
				VALIDATE_PRODUCT = YES;
			};
			name = Release;
		};
		915945BF2C28372E003D2AC0 /* Debug */ = {
			isa = XCBuildConfiguration;
			baseConfigurationReference = F3B7543FE67F08AB0837CF1D /* Pods-ambilighthue.debug.xcconfig */;
			buildSettings = {
				ASSETCATALOG_COMPILER_APPICON_NAME = "App Icon & Top Shelf Image";
				ASSETCATALOG_COMPILER_GLOBAL_ACCENT_COLOR_NAME = AccentColor;
				ASSETCATALOG_COMPILER_INCLUDE_ALL_APPICON_ASSETS = NO;
				CODE_SIGN_STYLE = Automatic;
				CURRENT_PROJECT_VERSION = 1;
				DEVELOPMENT_ASSET_PATHS = "\"ambilighthue/Preview Content\"";
				DEVELOPMENT_TEAM = MPM882X566;
				ENABLE_PREVIEWS = YES;
				ENABLE_USER_SCRIPT_SANDBOXING = NO;
				GENERATE_INFOPLIST_FILE = YES;
				INFOPLIST_KEY_CFBundleDisplayName = "Ambilight Hue Control";
				INFOPLIST_KEY_LSApplicationCategoryType = "public.app-category.entertainment";
				INFOPLIST_KEY_UILaunchScreen_Generation = YES;
				INFOPLIST_KEY_UIUserInterfaceStyle = Automatic;
				LD_RUNPATH_SEARCH_PATHS = (
					"$(inherited)",
					"@executable_path/Frameworks",
				);
				MARKETING_VERSION = 1.0;
				PRODUCT_BUNDLE_IDENTIFIER = info.graffy.ambilighthue;
				PRODUCT_NAME = "$(TARGET_NAME)";
				SWIFT_EMIT_LOC_STRINGS = YES;
				SWIFT_VERSION = 5.0;
				TARGETED_DEVICE_FAMILY = 3;
			};
			name = Debug;
		};
		915945C02C28372E003D2AC0 /* Release */ = {
			isa = XCBuildConfiguration;
			baseConfigurationReference = 772E1536E5DDA402B6FC04F0 /* Pods-ambilighthue.release.xcconfig */;
			buildSettings = {
				ASSETCATALOG_COMPILER_APPICON_NAME = "App Icon & Top Shelf Image";
				ASSETCATALOG_COMPILER_GLOBAL_ACCENT_COLOR_NAME = AccentColor;
				ASSETCATALOG_COMPILER_INCLUDE_ALL_APPICON_ASSETS = NO;
				CODE_SIGN_STYLE = Automatic;
				CURRENT_PROJECT_VERSION = 1;
				DEVELOPMENT_ASSET_PATHS = "\"ambilighthue/Preview Content\"";
				DEVELOPMENT_TEAM = MPM882X566;
				ENABLE_PREVIEWS = YES;
				ENABLE_USER_SCRIPT_SANDBOXING = NO;
				GENERATE_INFOPLIST_FILE = YES;
				INFOPLIST_KEY_CFBundleDisplayName = "Ambilight Hue Control";
				INFOPLIST_KEY_LSApplicationCategoryType = "public.app-category.entertainment";
				INFOPLIST_KEY_UILaunchScreen_Generation = YES;
				INFOPLIST_KEY_UIUserInterfaceStyle = Automatic;
				LD_RUNPATH_SEARCH_PATHS = (
					"$(inherited)",
					"@executable_path/Frameworks",
				);
				MARKETING_VERSION = 1.0;
				PRODUCT_BUNDLE_IDENTIFIER = info.graffy.ambilighthue;
				PRODUCT_NAME = "$(TARGET_NAME)";
				SWIFT_EMIT_LOC_STRINGS = YES;
				SWIFT_VERSION = 5.0;
				TARGETED_DEVICE_FAMILY = 3;
			};
			name = Release;
		};
		915945C22C28372E003D2AC0 /* Debug */ = {
			isa = XCBuildConfiguration;
			baseConfigurationReference = 38C47B317CB7F7CDD0B7F9AA /* Pods-ambilighthueTests.debug.xcconfig */;
			buildSettings = {
				BUNDLE_LOADER = "$(TEST_HOST)";
				CODE_SIGN_STYLE = Automatic;
				CURRENT_PROJECT_VERSION = 1;
				DEVELOPMENT_TEAM = MPM882X566;
				GENERATE_INFOPLIST_FILE = YES;
				MARKETING_VERSION = 1.0;
				PRODUCT_BUNDLE_IDENTIFIER = info.graffy.ambilighthueTests;
				PRODUCT_NAME = "$(TARGET_NAME)";
				SWIFT_EMIT_LOC_STRINGS = NO;
				SWIFT_VERSION = 5.0;
				TARGETED_DEVICE_FAMILY = 3;
				TEST_HOST = "$(BUILT_PRODUCTS_DIR)/ambilighthue.app/$(BUNDLE_EXECUTABLE_FOLDER_PATH)/ambilighthue";
				TVOS_DEPLOYMENT_TARGET = 17.5;
			};
			name = Debug;
		};
		915945C32C28372E003D2AC0 /* Release */ = {
			isa = XCBuildConfiguration;
			baseConfigurationReference = DC2F8D547D974DE200AB41E8 /* Pods-ambilighthueTests.release.xcconfig */;
			buildSettings = {
				BUNDLE_LOADER = "$(TEST_HOST)";
				CODE_SIGN_STYLE = Automatic;
				CURRENT_PROJECT_VERSION = 1;
				DEVELOPMENT_TEAM = MPM882X566;
				GENERATE_INFOPLIST_FILE = YES;
				MARKETING_VERSION = 1.0;
				PRODUCT_BUNDLE_IDENTIFIER = info.graffy.ambilighthueTests;
				PRODUCT_NAME = "$(TARGET_NAME)";
				SWIFT_EMIT_LOC_STRINGS = NO;
				SWIFT_VERSION = 5.0;
				TARGETED_DEVICE_FAMILY = 3;
				TEST_HOST = "$(BUILT_PRODUCTS_DIR)/ambilighthue.app/$(BUNDLE_EXECUTABLE_FOLDER_PATH)/ambilighthue";
				TVOS_DEPLOYMENT_TARGET = 17.5;
			};
			name = Release;
		};
/* End XCBuildConfiguration section */

/* Begin XCConfigurationList section */
		915945952C28372D003D2AC0 /* Build configuration list for PBXProject "ambilighthue" */ = {
			isa = XCConfigurationList;
			buildConfigurations = (
				915945BC2C28372E003D2AC0 /* Debug */,
				915945BD2C28372E003D2AC0 /* Release */,
			);
			defaultConfigurationIsVisible = 0;
			defaultConfigurationName = Release;
		};
		915945BE2C28372E003D2AC0 /* Build configuration list for PBXNativeTarget "ambilighthue" */ = {
			isa = XCConfigurationList;
			buildConfigurations = (
				915945BF2C28372E003D2AC0 /* Debug */,
				915945C02C28372E003D2AC0 /* Release */,
			);
			defaultConfigurationIsVisible = 0;
			defaultConfigurationName = Release;
		};
		915945C12C28372E003D2AC0 /* Build configuration list for PBXNativeTarget "ambilighthueTests" */ = {
			isa = XCConfigurationList;
			buildConfigurations = (
				915945C22C28372E003D2AC0 /* Debug */,
				915945C32C28372E003D2AC0 /* Release */,
			);
			defaultConfigurationIsVisible = 0;
			defaultConfigurationName = Release;
		};
/* End XCConfigurationList section */

/* Begin XCRemoteSwiftPackageReference section */
		91D92E1D2D16FDD20025E3B9 /* XCRemoteSwiftPackageReference "Mocker" */ = {
			isa = XCRemoteSwiftPackageReference;
			repositoryURL = "https://github.com/WeTransfer/Mocker.git";
			requirement = {
				kind = upToNextMajorVersion;
				minimumVersion = 3.0.2;
			};
		};
/* End XCRemoteSwiftPackageReference section */

/* Begin XCSwiftPackageProductDependency section */
		91D92E1E2D16FDD20025E3B9 /* Mocker */ = {
			isa = XCSwiftPackageProductDependency;
			package = 91D92E1D2D16FDD20025E3B9 /* XCRemoteSwiftPackageReference "Mocker" */;
			productName = Mocker;
		};
/* End XCSwiftPackageProductDependency section */
	};
	rootObject = 915945922C28372D003D2AC0 /* Project object */;
}
